
Microsoft Visual Studio Solution File, Format Version 12.00
# Visual Studio 15
VisualStudioVersion = 15.0.27004.2010
MinimumVisualStudioVersion = 10.0.40219.1
Project("{FAE04EC0-301F-11D3-BF4B-00C04F79EFBC}") = "ConferenceWebApp", "ConferenceWebApp\ConferenceWebApp.csproj", "{DCB0FB74-4922-4B42-B729-DC166ABCFEE3}"
EndProject
Project("{FAE04EC0-301F-11D3-BF4B-00C04F79EFBC}") = "Shared", "Shared\Shared.csproj", "{E205DBA5-FEF8-4F7F-ABBB-20C318D867C7}"
EndProject
Global
	GlobalSection(SolutionConfigurationPlatforms) = preSolution
		Debug|Any CPU = Debug|Any CPU
		Release|Any CPU = Release|Any CPU
	EndGlobalSection
	GlobalSection(ProjectConfigurationPlatforms) = postSolution
		{DCB0FB74-4922-4B42-B729-DC166ABCFEE3}.Debug|Any CPU.ActiveCfg = Debug|Any CPU
		{DCB0FB74-4922-4B42-B729-DC166ABCFEE3}.Debug|Any CPU.Build.0 = Debug|Any CPU
		{DCB0FB74-4922-4B42-B729-DC166ABCFEE3}.Release|Any CPU.ActiveCfg = Release|Any CPU
		{DCB0FB74-4922-4B42-B729-DC166ABCFEE3}.Release|Any CPU.Build.0 = Release|Any CPU
		{E205DBA5-FEF8-4F7F-ABBB-20C318D867C7}.Debug|Any CPU.ActiveCfg = Debug|Any CPU
		{E205DBA5-FEF8-4F7F-ABBB-20C318D867C7}.Debug|Any CPU.Build.0 = Debug|Any CPU
		{E205DBA5-FEF8-4F7F-ABBB-20C318D867C7}.Release|Any CPU.ActiveCfg = Release|Any CPU
		{E205DBA5-FEF8-4F7F-ABBB-20C318D867C7}.Release|Any CPU.Build.0 = Release|Any CPU
	EndGlobalSection
	GlobalSection(SolutionProperties) = preSolution
		HideSolutionNode = FALSE
	EndGlobalSection
	GlobalSection(ExtensibilityGlobals) = postSolution
		SolutionGuid = {062547CB-5AE3-4514-B7C1-C4F1D761E2AE}
	EndGlobalSection
EndGlobal
